{
  "name": "simple-push-demo",
  "lockfileVersion": 2,
  "requires": true,
  "packages": {
    "": {
      "devDependencies": {
        "@gauntface/logger": "^3.0.11"
      }
    },
    "node_modules/@gauntface/logger": {
      "version": "3.0.11",
      "resolved": "https://registry.npmjs.org/@gauntface/logger/-/logger-3.0.11.tgz",
      "integrity": "sha512-Aqe9fE+eG3OvoPf0Ptazwk/oKI/2MqrBqWkBlNBHRjHqtGmHuhSfQCurDrefqyVi4ZJOERbwXrY7LeRhBb5Gew==",
      "dev": true
    }
  },
  "dependencies": {
    "@gauntface/logger": {
      "version": "3.0.11",
      "resolved": "https://registry.npmjs.org/@gauntface/logger/-/logger-3.0.11.tgz",
      "integrity": "sha512-Aqe9fE+eG3OvoPf0Ptazwk/oKI/2MqrBqWkBlNBHRjHqtGmHuhSfQCurDrefqyVi4ZJOERbwXrY7LeRhBb5Gew==",
      "dev": true
    }
  }
}
